
Microsoft Visual Studio Solution File, Format Version 12.00
# Visual Studio Version 16
VisualStudioVersion = 16.0.30413.136
MinimumVisualStudioVersion = 10.0.40219.1
Project("{FAE04EC0-301F-11D3-BF4B-00C04F79EFBC}") = "Stopwatch", "Stopwatch\Stopwatch.csproj", "{A190C21C-ED24-417D-88D0-9C7B20D5C4C6}"
EndProject
Global
	GlobalSection(SolutionConfigurationPlatforms) = preSolution
		Debug|Any CPU = Debug|Any CPU
		Release|Any CPU = Release|Any CPU
	EndGlobalSection
	GlobalSection(ProjectConfigurationPlatforms) = postSolution
		{A190C21C-ED24-417D-88D0-9C7B20D5C4C6}.Debug|Any CPU.ActiveCfg = Debug|Any CPU
		{A190C21C-ED24-417D-88D0-9C7B20D5C4C6}.Debug|Any CPU.Build.0 = Debug|Any CPU
		{A190C21C-ED24-417D-88D0-9C7B20D5C4C6}.Release|Any CPU.ActiveCfg = Release|Any CPU
		{A190C21C-ED24-417D-88D0-9C7B20D5C4C6}.Release|Any CPU.Build.0 = Release|Any CPU
	EndGlobalSection
	GlobalSection(SolutionProperties) = preSolution
		HideSolutionNode = FALSE
	EndGlobalSection
	GlobalSection(ExtensibilityGlobals) = postSolution
		SolutionGuid = {FBD6C7BA-6910-436A-87A1-4D6CBDB99985}
	EndGlobalSection
EndGlobal
